
Microsoft Visual Studio Solution File, Format Version 12.00
# Visual Studio 15
VisualStudioVersion = 15.0.26124.0
MinimumVisualStudioVersion = 15.0.26124.0
Project("{FAE04EC0-301F-11D3-BF4B-00C04F79EFBC}") = "LukeSkywalker.IPNetwork", "LukeSkywalker.IPNetwork\LukeSkywalker.IPNetwork.csproj", "{30B42A79-7D39-4EF6-9E9F-377F5E7694A1}"
EndProject
Project("{FAE04EC0-301F-11D3-BF4B-00C04F79EFBC}") = "LukeSkywalker.IPNetwork.Test", "LukeSkywalker.IPNetwork.Test\LukeSkywalker.IPNetwork.Test.csproj", "{1E8A5554-AFB4-413A-8A8F-81E6B76C10B2}"
EndProject
Global
	GlobalSection(SolutionConfigurationPlatforms) = preSolution
		Debug|Any CPU = Debug|Any CPU
		Debug|x64 = Debug|x64
		Debug|x86 = Debug|x86
		Release|Any CPU = Release|Any CPU
		Release|x64 = Release|x64
		Release|x86 = Release|x86
	EndGlobalSection
	GlobalSection(SolutionProperties) = preSolution
		HideSolutionNode = FALSE
	EndGlobalSection
	GlobalSection(ProjectConfigurationPlatforms) = postSolution
		{30B42A79-7D39-4EF6-9E9F-377F5E7694A1}.Debug|Any CPU.ActiveCfg = Debug|Any CPU
		{30B42A79-7D39-4EF6-9E9F-377F5E7694A1}.Debug|Any CPU.Build.0 = Debug|Any CPU
		{30B42A79-7D39-4EF6-9E9F-377F5E7694A1}.Debug|x64.ActiveCfg = Debug|Any CPU
		{30B42A79-7D39-4EF6-9E9F-377F5E7694A1}.Debug|x64.Build.0 = Debug|Any CPU
		{30B42A79-7D39-4EF6-9E9F-377F5E7694A1}.Debug|x86.ActiveCfg = Debug|Any CPU
		{30B42A79-7D39-4EF6-9E9F-377F5E7694A1}.Debug|x86.Build.0 = Debug|Any CPU
		{30B42A79-7D39-4EF6-9E9F-377F5E7694A1}.Release|Any CPU.ActiveCfg = Release|Any CPU
		{30B42A79-7D39-4EF6-9E9F-377F5E7694A1}.Release|Any CPU.Build.0 = Release|Any CPU
		{30B42A79-7D39-4EF6-9E9F-377F5E7694A1}.Release|x64.ActiveCfg = Release|Any CPU
		{30B42A79-7D39-4EF6-9E9F-377F5E7694A1}.Release|x64.Build.0 = Release|Any CPU
		{30B42A79-7D39-4EF6-9E9F-377F5E7694A1}.Release|x86.ActiveCfg = Release|Any CPU
		{30B42A79-7D39-4EF6-9E9F-377F5E7694A1}.Release|x86.Build.0 = Release|Any CPU
		{1E8A5554-AFB4-413A-8A8F-81E6B76C10B2}.Debug|Any CPU.ActiveCfg = Debug|Any CPU
		{1E8A5554-AFB4-413A-8A8F-81E6B76C10B2}.Debug|Any CPU.Build.0 = Debug|Any CPU
		{1E8A5554-AFB4-413A-8A8F-81E6B76C10B2}.Debug|x64.ActiveCfg = Debug|Any CPU
		{1E8A5554-AFB4-413A-8A8F-81E6B76C10B2}.Debug|x64.Build.0 = Debug|Any CPU
		{1E8A5554-AFB4-413A-8A8F-81E6B76C10B2}.Debug|x86.ActiveCfg = Debug|Any CPU
		{1E8A5554-AFB4-413A-8A8F-81E6B76C10B2}.Debug|x86.Build.0 = Debug|Any CPU
		{1E8A5554-AFB4-413A-8A8F-81E6B76C10B2}.Release|Any CPU.ActiveCfg = Release|Any CPU
		{1E8A5554-AFB4-413A-8A8F-81E6B76C10B2}.Release|Any CPU.Build.0 = Release|Any CPU
		{1E8A5554-AFB4-413A-8A8F-81E6B76C10B2}.Release|x64.ActiveCfg = Release|Any CPU
		{1E8A5554-AFB4-413A-8A8F-81E6B76C10B2}.Release|x64.Build.0 = Release|Any CPU
		{1E8A5554-AFB4-413A-8A8F-81E6B76C10B2}.Release|x86.ActiveCfg = Release|Any CPU
		{1E8A5554-AFB4-413A-8A8F-81E6B76C10B2}.Release|x86.Build.0 = Release|Any CPU
	EndGlobalSection
EndGlobal
